dependencies:
  espressif/libpng:
    component_hash: d2fb0a8234e65fa7dd0bd80841e955c53557b70ef405dbb2290303ae2f4219bd
    dependencies:
    - name: espressif/zlib
      registry_url: https://components.espressif.com
      require: private
      version: ^1.2.13
    - name: idf
      registry_url: https://components.espressif.com
      require: private
      version: '>=4.4'
    source:
      registry_url: https://components.espressif.com/
      type: service
    version: 1.6.39~1
  espressif/mdns:
    component_hash: f5267872ed0c810d1b281c41a567cace7b3a3695c0df9dff89f631e9ba426ed0
    dependencies:
    - name: idf
      require: private
      version: '>=5.0'
    source:
      registry_url: https://components.espressif.com/
      type: service
    version: 1.4.2
  espressif/zlib:
    component_hash: d901723af51f13fc8e5824f39f32239c847956e8fd951a05266588dc5cfbb9ae
    dependencies:
    - name: idf
      require: private
      version: '>=4.4'
    source:
      registry_url: https://components.espressif.com
      type: service
    version: 1.3.1
  idf:
    source:
      type: idf
    version: 5.3.1
  zorxx/multipart-parser:
    component_hash: a80b98bbdd530829b5a4df54cd8332a265ef4d310392562cf37d4cac548c5fd2
    dependencies: []
    source:
      registry_url: https://components.espressif.com/
      type: service
    version: 1.0.1
direct_dependencies:
- espressif/libpng
- espressif/mdns
- idf
- zorxx/multipart-parser
manifest_hash: 9994871989aae60c243fcf2e15066f67868dcf9bfc6d20c61c26f5a0868c229b
target: esp32
version: 2.0.0
